
Microsoft Visual Studio Solution File, Format Version 12.00
# Visual Studio Version 16
VisualStudioVersion = 16.0.28803.452
MinimumVisualStudioVersion = 10.0.40219.1
Project("{FAE04EC0-301F-11D3-BF4B-00C04F79EFBC}") = "ConsoleGrapher", "ConsoleGrapher\ConsoleGrapher.csproj", "{3EBB83A7-4837-4E80-B32C-1726A5583201}"
EndProject
Global
	GlobalSection(SolutionConfigurationPlatforms) = preSolution
		Debug|Any CPU = Debug|Any CPU
		Release|Any CPU = Release|Any CPU
	EndGlobalSection
	GlobalSection(ProjectConfigurationPlatforms) = postSolution
		{3EBB83A7-4837-4E80-B32C-1726A5583201}.Debug|Any CPU.ActiveCfg = Debug|Any CPU
		{3EBB83A7-4837-4E80-B32C-1726A5583201}.Debug|Any CPU.Build.0 = Debug|Any CPU
		{3EBB83A7-4837-4E80-B32C-1726A5583201}.Release|Any CPU.ActiveCfg = Release|Any CPU
		{3EBB83A7-4837-4E80-B32C-1726A5583201}.Release|Any CPU.Build.0 = Release|Any CPU
	EndGlobalSection
	GlobalSection(SolutionProperties) = preSolution
		HideSolutionNode = FALSE
	EndGlobalSection
	GlobalSection(ExtensibilityGlobals) = postSolution
		SolutionGuid = {6C868D40-6F2D-4D3C-941F-D55C022C7E89}
	EndGlobalSection
EndGlobal
